// !$*UTF8*$!
{
	archiveVersion = 1;
	classes = {
	};
	objectVersion = 46;
	objects = {

/* Begin PBXBuildFile section */
		2680434D15BA4F2A004D23F0 /* beer.jpg in Resources */ = {isa = PBXBuildFile; fileRef = 2680434C15BA4F2A004D23F0 /* beer.jpg */; };
		2682C9C415B8FDB600AA15B4 /* UIKit.framework in Frameworks */ = {isa = PBXBuildFile; fileRef = 2682C9C315B8FDB600AA15B4 /* UIKit.framework */; };
		2682C9C615B8FDB600AA15B4 /* Foundation.framework in Frameworks */ = {isa = PBXBuildFile; fileRef = 2682C9C515B8FDB600AA15B4 /* Foundation.framework */; };
		2682C9C815B8FDB600AA15B4 /* CoreGraphics.framework in Frameworks */ = {isa = PBXBuildFile; fileRef = 2682C9C715B8FDB600AA15B4 /* CoreGraphics.framework */; };
		2682C9DC15B8FDB600AA15B4 /* SenTestingKit.framework in Frameworks */ = {isa = PBXBuildFile; fileRef = 2682C9DB15B8FDB600AA15B4 /* SenTestingKit.framework */; };
		2682C9DD15B8FDB600AA15B4 /* UIKit.framework in Frameworks */ = {isa = PBXBuildFile; fileRef = 2682C9C315B8FDB600AA15B4 /* UIKit.framework */; };
		2682C9DE15B8FDB600AA15B4 /* Foundation.framework in Frameworks */ = {isa = PBXBuildFile; fileRef = 2682C9C515B8FDB600AA15B4 /* Foundation.framework */; };
		2682C9E615B8FDB600AA15B4 /* InfoPlist.strings in Resources */ = {isa = PBXBuildFile; fileRef = 2682C9E415B8FDB600AA15B4 /* InfoPlist.strings */; };
		2682C9FB15B9069500AA15B4 /* TweetRequest.m in Sources */ = {isa = PBXBuildFile; fileRef = 2682C9FA15B9069500AA15B4 /* TweetRequest.m */; };
		2682C9FE15B906AF00AA15B4 /* MovieRequest.m in Sources */ = {isa = PBXBuildFile; fileRef = 2682C9FD15B906AF00AA15B4 /* MovieRequest.m */; };
		2682CA0115B906D400AA15B4 /* SimpleRESTRequest.m in Sources */ = {isa = PBXBuildFile; fileRef = 2682C9FF15B906D400AA15B4 /* SimpleRESTRequest.m */; };
		2682CA0415B9085A00AA15B4 /* TweetPic.m in Sources */ = {isa = PBXBuildFile; fileRef = 2682CA0315B9085A00AA15B4 /* TweetPic.m */; };
		2682CA0715B9086700AA15B4 /* Tweet.m in Sources */ = {isa = PBXBuildFile; fileRef = 2682CA0615B9086700AA15B4 /* Tweet.m */; };
		2682CA0A15B9087300AA15B4 /* Movie.m in Sources */ = {isa = PBXBuildFile; fileRef = 2682CA0915B9087300AA15B4 /* Movie.m */; };
		2682CA0D15B908BD00AA15B4 /* TweetPicViewController.m in Sources */ = {isa = PBXBuildFile; fileRef = 2682CA0C15B908BD00AA15B4 /* TweetPicViewController.m */; };
		2682CA0F15B908D900AA15B4 /* TweetPicView.xib in Resources */ = {isa = PBXBuildFile; fileRef = 2682CA0E15B908D900AA15B4 /* TweetPicView.xib */; };
		2682CA1115B9090B00AA15B4 /* TweetPicCell.xib in Resources */ = {isa = PBXBuildFile; fileRef = 2682CA1015B9090B00AA15B4 /* TweetPicCell.xib */; };
		2682CA1D15B9130600AA15B4 /* TweetPicCell.m in Sources */ = {isa = PBXBuildFile; fileRef = 2682CA1C15B9130600AA15B4 /* TweetPicCell.m */; };
		2682CA2515BA32AC00AA15B4 /* MBProgressHUD.m in Sources */ = {isa = PBXBuildFile; fileRef = 2682CA2415BA32AC00AA15B4 /* MBProgressHUD.m */; };
		2682CA2A15BA377600AA15B4 /* Request.m in Sources */ = {isa = PBXBuildFile; fileRef = 2682CA2915BA377600AA15B4 /* Request.m */; };
		2682CA2C15BA3EDB00AA15B4 /* Twitter.framework in Frameworks */ = {isa = PBXBuildFile; fileRef = 2682CA2B15BA3EDB00AA15B4 /* Twitter.framework */; };
		44C8A99C15BF6C19009E97A8 /* Reachability.m in Sources */ = {isa = PBXBuildFile; fileRef = 44C8A99B15BF6C19009E97A8 /* Reachability.m */; };
		44C8A9A115BF6C75009E97A8 /* TweetPicManager.m in Sources */ = {isa = PBXBuildFile; fileRef = 44C8A9A015BF6C75009E97A8 /* TweetPicManager.m */; };
		44C8A9AB15BF6CB7009E97A8 /* AppDelegate.m in Sources */ = {isa = PBXBuildFile; fileRef = 44C8A9A315BF6CB7009E97A8 /* AppDelegate.m */; };
		44C8A9AC15BF6CB7009E97A8 /* InfoPlist.strings in Resources */ = {isa = PBXBuildFile; fileRef = 44C8A9A515BF6CB7009E97A8 /* InfoPlist.strings */; };
		44C8A9AD15BF6CB7009E97A8 /* Localizable.strings in Resources */ = {isa = PBXBuildFile; fileRef = 44C8A9A715BF6CB7009E97A8 /* Localizable.strings */; };
		44C8A9AE15BF6CB7009E97A8 /* main.m in Sources */ = {isa = PBXBuildFile; fileRef = 44C8A9A815BF6CB7009E97A8 /* main.m */; };
		44C8A9B115BF6CEE009E97A8 /* SystemConfiguration.framework in Frameworks */ = {isa = PBXBuildFile; fileRef = 44C8A9B015BF6CEE009E97A8 /* SystemConfiguration.framework */; };
		44C8A9BC15BF89CB009E97A8 /* TweetPicManagerTests.m in Sources */ = {isa = PBXBuildFile; fileRef = 44C8A9BB15BF89CB009E97A8 /* TweetPicManagerTests.m */; };
/* End PBXBuildFile section */

/* Begin PBXContainerItemProxy section */
		2682C9DF15B8FDB600AA15B4 /* PBXContainerItemProxy */ = {
			isa = PBXContainerItemProxy;
			containerPortal = 2682C9B615B8FDB500AA15B4 /* Project object */;
			proxyType = 1;
			remoteGlobalIDString = 2682C9BE15B8FDB600AA15B4;
			remoteInfo = TweetPic;
		};
/* End PBXContainerItemProxy section */

/* Begin PBXFileReference section */
		2680434C15BA4F2A004D23F0 /* beer.jpg */ = {isa = PBXFileReference; lastKnownFileType = image.jpeg; path = beer.jpg; sourceTree = "<group>"; };
		2682C9BF15B8FDB600AA15B4 /* TweetPic.app */ = {isa = PBXFileReference; explicitFileType = wrapper.application; includeInIndex = 0; path = TweetPic.app; sourceTree = BUILT_PRODUCTS_DIR; };
		2682C9C315B8FDB600AA15B4 /* UIKit.framework */ = {isa = PBXFileReference; lastKnownFileType = wrapper.framework; name = UIKit.framework; path = System/Library/Frameworks/UIKit.framework; sourceTree = SDKROOT; };
		2682C9C515B8FDB600AA15B4 /* Foundation.framework */ = {isa = PBXFileReference; lastKnownFileType = wrapper.framework; name = Foundation.framework; path = System/Library/Frameworks/Foundation.framework; sourceTree = SDKROOT; };
		2682C9C715B8FDB600AA15B4 /* CoreGraphics.framework */ = {isa = PBXFileReference; lastKnownFileType = wrapper.framework; name = CoreGraphics.framework; path = System/Library/Frameworks/CoreGraphics.framework; sourceTree = SDKROOT; };
		2682C9DA15B8FDB600AA15B4 /* TweetPicTests.octest */ = {isa = PBXFileReference; explicitFileType = wrapper.cfbundle; includeInIndex = 0; path = TweetPicTests.octest; sourceTree = BUILT_PRODUCTS_DIR; };
		2682C9DB15B8FDB600AA15B4 /* SenTestingKit.framework */ = {isa = PBXFileReference; lastKnownFileType = wrapper.framework; name = SenTestingKit.framework; path = Library/Frameworks/SenTestingKit.framework; sourceTree = DEVELOPER_DIR; };
		2682C9E315B8FDB600AA15B4 /* TweetPicTests-Info.plist */ = {isa = PBXFileReference; lastKnownFileType = text.plist.xml; path = "TweetPicTests-Info.plist"; sourceTree = "<group>"; };
		2682C9E515B8FDB600AA15B4 /* en */ = {isa = PBXFileReference; lastKnownFileType = text.plist.strings; name = en; path = en.lproj/InfoPlist.strings; sourceTree = "<group>"; };
		2682C9F915B9069500AA15B4 /* TweetRequest.h */ = {isa = PBXFileReference; fileEncoding = 4; lastKnownFileType = sourcecode.c.h; path = TweetRequest.h; sourceTree = "<group>"; };
		2682C9FA15B9069500AA15B4 /* TweetRequest.m */ = {isa = PBXFileReference; fileEncoding = 4; lastKnownFileType = sourcecode.c.objc; path = TweetRequest.m; sourceTree = "<group>"; };
		2682C9FC15B906AF00AA15B4 /* MovieRequest.h */ = {isa = PBXFileReference; fileEncoding = 4; lastKnownFileType = sourcecode.c.h; path = MovieRequest.h; sourceTree = "<group>"; };
		2682C9FD15B906AF00AA15B4 /* MovieRequest.m */ = {isa = PBXFileReference; fileEncoding = 4; lastKnownFileType = sourcecode.c.objc; path = MovieRequest.m; sourceTree = "<group>"; };
		2682C9FF15B906D400AA15B4 /* SimpleRESTRequest.m */ = {isa = PBXFileReference; fileEncoding = 4; lastKnownFileType = sourcecode.c.objc; path = SimpleRESTRequest.m; sourceTree = "<group>"; };
		2682CA0015B906D400AA15B4 /* SimpleRESTRequest.h */ = {isa = PBXFileReference; fileEncoding = 4; lastKnownFileType = sourcecode.c.h; path = SimpleRESTRequest.h; sourceTree = "<group>"; };
		2682CA0215B9085A00AA15B4 /* TweetPic.h */ = {isa = PBXFileReference; fileEncoding = 4; lastKnownFileType = sourcecode.c.h; path = TweetPic.h; sourceTree = "<group>"; };
		2682CA0315B9085A00AA15B4 /* TweetPic.m */ = {isa = PBXFileReference; fileEncoding = 4; lastKnownFileType = sourcecode.c.objc; path = TweetPic.m; sourceTree = "<group>"; };
		2682CA0515B9086700AA15B4 /* Tweet.h */ = {isa = PBXFileReference; fileEncoding = 4; lastKnownFileType = sourcecode.c.h; path = Tweet.h; sourceTree = "<group>"; };
		2682CA0615B9086700AA15B4 /* Tweet.m */ = {isa = PBXFileReference; fileEncoding = 4; lastKnownFileType = sourcecode.c.objc; path = Tweet.m; sourceTree = "<group>"; };
		2682CA0815B9087300AA15B4 /* Movie.h */ = {isa = PBXFileReference; fileEncoding = 4; lastKnownFileType = sourcecode.c.h; path = Movie.h; sourceTree = "<group>"; };
		2682CA0915B9087300AA15B4 /* Movie.m */ = {isa = PBXFileReference; fileEncoding = 4; lastKnownFileType = sourcecode.c.objc; path = Movie.m; sourceTree = "<group>"; };
		2682CA0B15B908BD00AA15B4 /* TweetPicViewController.h */ = {isa = PBXFileReference; fileEncoding = 4; lastKnownFileType = sourcecode.c.h; path = TweetPicViewController.h; sourceTree = "<group>"; };
		2682CA0C15B908BD00AA15B4 /* TweetPicViewController.m */ = {isa = PBXFileReference; fileEncoding = 4; lastKnownFileType = sourcecode.c.objc; path = TweetPicViewController.m; sourceTree = "<group>"; };
		2682CA0E15B908D900AA15B4 /* TweetPicView.xib */ = {isa = PBXFileReference; fileEncoding = 4; lastKnownFileType = file.xib; path = TweetPicView.xib; sourceTree = "<group>"; };
		2682CA1015B9090B00AA15B4 /* TweetPicCell.xib */ = {isa = PBXFileReference; fileEncoding = 4; lastKnownFileType = file.xib; path = TweetPicCell.xib; sourceTree = "<group>"; };
		2682CA1215B9100400AA15B4 /* TweetPicViewController+Private.h */ = {isa = PBXFileReference; fileEncoding = 4; lastKnownFileType = sourcecode.c.h; path = "TweetPicViewController+Private.h"; sourceTree = "<group>"; };
		2682CA1B15B9130600AA15B4 /* TweetPicCell.h */ = {isa = PBXFileReference; fileEncoding = 4; lastKnownFileType = sourcecode.c.h; path = TweetPicCell.h; sourceTree = "<group>"; };
		2682CA1C15B9130600AA15B4 /* TweetPicCell.m */ = {isa = PBXFileReference; fileEncoding = 4; lastKnownFileType = sourcecode.c.objc; path = TweetPicCell.m; sourceTree = "<group>"; };
		2682CA2315BA32AC00AA15B4 /* MBProgressHUD.h */ = {isa = PBXFileReference; fileEncoding = 4; lastKnownFileType = sourcecode.c.h; path = MBProgressHUD.h; sourceTree = "<group>"; };
		2682CA2415BA32AC00AA15B4 /* MBProgressHUD.m */ = {isa = PBXFileReference; fileEncoding = 4; lastKnownFileType = sourcecode.c.objc; path = MBProgressHUD.m; sourceTree = "<group>"; };
		2682CA2815BA377600AA15B4 /* Request.h */ = {isa = PBXFileReference; fileEncoding = 4; lastKnownFileType = sourcecode.c.h; path = Request.h; sourceTree = "<group>"; };
		2682CA2915BA377600AA15B4 /* Request.m */ = {isa = PBXFileReference; fileEncoding = 4; lastKnownFileType = sourcecode.c.objc; path = Request.m; sourceTree = "<group>"; };
		2682CA2B15BA3EDB00AA15B4 /* Twitter.framework */ = {isa = PBXFileReference; lastKnownFileType = wrapper.framework; name = Twitter.framework; path = System/Library/Frameworks/Twitter.framework; sourceTree = SDKROOT; };
		44C8A99A15BF6C19009E97A8 /* Reachability.h */ = {isa = PBXFileReference; fileEncoding = 4; lastKnownFileType = sourcecode.c.h; path = Reachability.h; sourceTree = "<group>"; };
		44C8A99B15BF6C19009E97A8 /* Reachability.m */ = {isa = PBXFileReference; fileEncoding = 4; lastKnownFileType = sourcecode.c.objc; path = Reachability.m; sourceTree = "<group>"; };
		44C8A99F15BF6C75009E97A8 /* TweetPicManager.h */ = {isa = PBXFileReference; fileEncoding = 4; lastKnownFileType = sourcecode.c.h; path = TweetPicManager.h; sourceTree = "<group>"; };
		44C8A9A015BF6C75009E97A8 /* TweetPicManager.m */ = {isa = PBXFileReference; fileEncoding = 4; lastKnownFileType = sourcecode.c.objc; path = TweetPicManager.m; sourceTree = "<group>"; };
		44C8A9A215BF6CB7009E97A8 /* AppDelegate.h */ = {isa = PBXFileReference; fileEncoding = 4; lastKnownFileType = sourcecode.c.h; path = AppDelegate.h; sourceTree = "<group>"; };
		44C8A9A315BF6CB7009E97A8 /* AppDelegate.m */ = {isa = PBXFileReference; fileEncoding = 4; lastKnownFileType = sourcecode.c.objc; path = AppDelegate.m; sourceTree = "<group>"; };
		44C8A9A615BF6CB7009E97A8 /* en */ = {isa = PBXFileReference; lastKnownFileType = text.plist.strings; name = en; path = InfoPlist.strings; sourceTree = "<group>"; };
		44C8A9A715BF6CB7009E97A8 /* Localizable.strings */ = {isa = PBXFileReference; fileEncoding = 4; lastKnownFileType = text.plist.strings; path = Localizable.strings; sourceTree = "<group>"; };
		44C8A9A815BF6CB7009E97A8 /* main.m */ = {isa = PBXFileReference; fileEncoding = 4; lastKnownFileType = sourcecode.c.objc; path = main.m; sourceTree = "<group>"; };
		44C8A9A915BF6CB7009E97A8 /* TweetPic-Info.plist */ = {isa = PBXFileReference; fileEncoding = 4; lastKnownFileType = text.plist.xml; path = "TweetPic-Info.plist"; sourceTree = "<group>"; };
		44C8A9AA15BF6CB7009E97A8 /* TweetPic-Prefix.pch */ = {isa = PBXFileReference; fileEncoding = 4; lastKnownFileType = sourcecode.c.h; path = "TweetPic-Prefix.pch"; sourceTree = "<group>"; };
		44C8A9B015BF6CEE009E97A8 /* SystemConfiguration.framework */ = {isa = PBXFileReference; lastKnownFileType = wrapper.framework; name = SystemConfiguration.framework; path = System/Library/Frameworks/SystemConfiguration.framework; sourceTree = SDKROOT; };
		44C8A9B915BF8641009E97A8 /* TweetPicManager+Private.h */ = {isa = PBXFileReference; fileEncoding = 4; lastKnownFileType = sourcecode.c.h; path = "TweetPicManager+Private.h"; sourceTree = "<group>"; };
		44C8A9BA15BF89CB009E97A8 /* TweetPicManagerTests.h */ = {isa = PBXFileReference; fileEncoding = 4; lastKnownFileType = sourcecode.c.h; path = TweetPicManagerTests.h; sourceTree = "<group>"; };
		44C8A9BB15BF89CB009E97A8 /* TweetPicManagerTests.m */ = {isa = PBXFileReference; fileEncoding = 4; lastKnownFileType = sourcecode.c.objc; path = TweetPicManagerTests.m; sourceTree = "<group>"; };
/* End PBXFileReference section */

/* Begin PBXFrameworksBuildPhase section */
		2682C9BC15B8FDB600AA15B4 /* Frameworks */ = {
			isa = PBXFrameworksBuildPhase;
			buildActionMask = 2147483647;
			files = (
				44C8A9B115BF6CEE009E97A8 /* SystemConfiguration.framework in Frameworks */,
				2682CA2C15BA3EDB00AA15B4 /* Twitter.framework in Frameworks */,
				2682C9C415B8FDB600AA15B4 /* UIKit.framework in Frameworks */,
				2682C9C615B8FDB600AA15B4 /* Foundation.framework in Frameworks */,
				2682C9C815B8FDB600AA15B4 /* CoreGraphics.framework in Frameworks */,
			);
			runOnlyForDeploymentPostprocessing = 0;
		};
		2682C9D615B8FDB600AA15B4 /* Frameworks */ = {
			isa = PBXFrameworksBuildPhase;
			buildActionMask = 2147483647;
			files = (
				2682C9DC15B8FDB600AA15B4 /* SenTestingKit.framework in Frameworks */,
				2682C9DD15B8FDB600AA15B4 /* UIKit.framework in Frameworks */,
				2682C9DE15B8FDB600AA15B4 /* Foundation.framework in Frameworks */,
			);
			runOnlyForDeploymentPostprocessing = 0;
		};
/* End PBXFrameworksBuildPhase section */

/* Begin PBXGroup section */
		2680434B15BA4F2A004D23F0 /* Images */ = {
			isa = PBXGroup;
			children = (
				2680434C15BA4F2A004D23F0 /* beer.jpg */,
			);
			path = Images;
			sourceTree = "<group>";
		};
		2682C9B415B8FDB500AA15B4 = {
			isa = PBXGroup;
			children = (
				2682CA1E15BA30EB00AA15B4 /* Application */,
				2682C9F515B9063300AA15B4 /* Controllers */,
				2682CA2215BA32AC00AA15B4 /* External */,
				44C8A99E15BF6C75009E97A8 /* Managers */,
				2682C9F415B9063300AA15B4 /* Models */,
				2682C9F315B9063300AA15B4 /* Networking */,
				2682C9F215B9063300AA15B4 /* Views */,
				2682C9E115B8FDB600AA15B4 /* TweetPicTests */,
				2682C9C215B8FDB600AA15B4 /* Frameworks */,
				2682C9C015B8FDB600AA15B4 /* Products */,
			);
			sourceTree = "<group>";
		};
		2682C9C015B8FDB600AA15B4 /* Products */ = {
			isa = PBXGroup;
			children = (
				2682C9BF15B8FDB600AA15B4 /* TweetPic.app */,
				2682C9DA15B8FDB600AA15B4 /* TweetPicTests.octest */,
			);
			name = Products;
			sourceTree = "<group>";
		};
		2682C9C215B8FDB600AA15B4 /* Frameworks */ = {
			isa = PBXGroup;
			children = (
				44C8A9B015BF6CEE009E97A8 /* SystemConfiguration.framework */,
				2682CA2B15BA3EDB00AA15B4 /* Twitter.framework */,
				2682C9C315B8FDB600AA15B4 /* UIKit.framework */,
				2682C9C515B8FDB600AA15B4 /* Foundation.framework */,
				2682C9C715B8FDB600AA15B4 /* CoreGraphics.framework */,
				2682C9DB15B8FDB600AA15B4 /* SenTestingKit.framework */,
			);
			name = Frameworks;
			sourceTree = "<group>";
		};
		2682C9E115B8FDB600AA15B4 /* TweetPicTests */ = {
			isa = PBXGroup;
			children = (
				44C8A9BA15BF89CB009E97A8 /* TweetPicManagerTests.h */,
				44C8A9BB15BF89CB009E97A8 /* TweetPicManagerTests.m */,
				2682C9E215B8FDB600AA15B4 /* Supporting Files */,
			);
			path = TweetPicTests;
			sourceTree = "<group>";
		};
		2682C9E215B8FDB600AA15B4 /* Supporting Files */ = {
			isa = PBXGroup;
			children = (
				2682C9E315B8FDB600AA15B4 /* TweetPicTests-Info.plist */,
				2682C9E415B8FDB600AA15B4 /* InfoPlist.strings */,
			);
			name = "Supporting Files";
			sourceTree = "<group>";
		};
		2682C9F215B9063300AA15B4 /* Views */ = {
			isa = PBXGroup;
			children = (
				2680434B15BA4F2A004D23F0 /* Images */,
				2682CA1015B9090B00AA15B4 /* TweetPicCell.xib */,
				2682CA1B15B9130600AA15B4 /* TweetPicCell.h */,
				2682CA1C15B9130600AA15B4 /* TweetPicCell.m */,
				2682CA0E15B908D900AA15B4 /* TweetPicView.xib */,
			);
			name = Views;
			path = TweetPic/Views;
			sourceTree = "<group>";
		};
		2682C9F315B9063300AA15B4 /* Networking */ = {
			isa = PBXGroup;
			children = (
				2682C9FC15B906AF00AA15B4 /* MovieRequest.h */,
				2682C9FD15B906AF00AA15B4 /* MovieRequest.m */,
				44C8A99A15BF6C19009E97A8 /* Reachability.h */,
				44C8A99B15BF6C19009E97A8 /* Reachability.m */,
				2682CA2815BA377600AA15B4 /* Request.h */,
				2682CA2915BA377600AA15B4 /* Request.m */,
				2682C9FF15B906D400AA15B4 /* SimpleRESTRequest.m */,
				2682CA0015B906D400AA15B4 /* SimpleRESTRequest.h */,
				2682C9F915B9069500AA15B4 /* TweetRequest.h */,
				2682C9FA15B9069500AA15B4 /* TweetRequest.m */,
			);
			name = Networking;
			path = TweetPic/Networking;
			sourceTree = "<group>";
		};
		2682C9F415B9063300AA15B4 /* Models */ = {
			isa = PBXGroup;
			children = (
				2682CA0815B9087300AA15B4 /* Movie.h */,
				2682CA0915B9087300AA15B4 /* Movie.m */,
				2682CA0515B9086700AA15B4 /* Tweet.h */,
				2682CA0615B9086700AA15B4 /* Tweet.m */,
				2682CA0215B9085A00AA15B4 /* TweetPic.h */,
				2682CA0315B9085A00AA15B4 /* TweetPic.m */,
			);
			name = Models;
			path = TweetPic/Models;
			sourceTree = "<group>";
		};
		2682C9F515B9063300AA15B4 /* Controllers */ = {
			isa = PBXGroup;
			children = (
				2682CA0B15B908BD00AA15B4 /* TweetPicViewController.h */,
				2682CA1215B9100400AA15B4 /* TweetPicViewController+Private.h */,
				2682CA0C15B908BD00AA15B4 /* TweetPicViewController.m */,
			);
			name = Controllers;
			path = TweetPic/Controllers;
			sourceTree = "<group>";
		};
		2682CA1E15BA30EB00AA15B4 /* Application */ = {
			isa = PBXGroup;
			children = (
				44C8A9A415BF6CB7009E97A8 /* en.lproj */,
				44C8A9A215BF6CB7009E97A8 /* AppDelegate.h */,
				44C8A9A315BF6CB7009E97A8 /* AppDelegate.m */,
				44C8A9A715BF6CB7009E97A8 /* Localizable.strings */,
				44C8A9A815BF6CB7009E97A8 /* main.m */,
				44C8A9A915BF6CB7009E97A8 /* TweetPic-Info.plist */,
				44C8A9AA15BF6CB7009E97A8 /* TweetPic-Prefix.pch */,
			);
			name = Application;
			path = TweetPic/Application;
			sourceTree = "<group>";
		};
		2682CA2215BA32AC00AA15B4 /* External */ = {
			isa = PBXGroup;
			children = (
				2682CA2315BA32AC00AA15B4 /* MBProgressHUD.h */,
				2682CA2415BA32AC00AA15B4 /* MBProgressHUD.m */,
			);
			path = External;
			sourceTree = "<group>";
		};
		44C8A99E15BF6C75009E97A8 /* Managers */ = {
			isa = PBXGroup;
			children = (
				44C8A99F15BF6C75009E97A8 /* TweetPicManager.h */,
				44C8A9B915BF8641009E97A8 /* TweetPicManager+Private.h */,
				44C8A9A015BF6C75009E97A8 /* TweetPicManager.m */,
			);
			name = Managers;
			path = TweetPic/Managers;
			sourceTree = "<group>";
		};
		44C8A9A415BF6CB7009E97A8 /* en.lproj */ = {
			isa = PBXGroup;
			children = (
				44C8A9A515BF6CB7009E97A8 /* InfoPlist.strings */,
			);
			path = en.lproj;
			sourceTree = "<group>";
		};
/* End PBXGroup section */

/* Begin PBXNativeTarget section */
		2682C9BE15B8FDB600AA15B4 /* TweetPic */ = {
			isa = PBXNativeTarget;
			buildConfigurationList = 2682C9EC15B8FDB600AA15B4 /* Build configuration list for PBXNativeTarget "TweetPic" */;
			buildPhases = (
				2682C9BB15B8FDB600AA15B4 /* Sources */,
				2682C9BC15B8FDB600AA15B4 /* Frameworks */,
				2682C9BD15B8FDB600AA15B4 /* Resources */,
			);
			buildRules = (
			);
			dependencies = (
			);
			name = TweetPic;
			productName = TweetPic;
			productReference = 2682C9BF15B8FDB600AA15B4 /* TweetPic.app */;
			productType = "com.apple.product-type.application";
		};
		2682C9D915B8FDB600AA15B4 /* TweetPicTests */ = {
			isa = PBXNativeTarget;
			buildConfigurationList = 2682C9EF15B8FDB600AA15B4 /* Build configuration list for PBXNativeTarget "TweetPicTests" */;
			buildPhases = (
				2682C9D515B8FDB600AA15B4 /* Sources */,
				2682C9D615B8FDB600AA15B4 /* Frameworks */,
				2682C9D715B8FDB600AA15B4 /* Resources */,
				2682C9D815B8FDB600AA15B4 /* ShellScript */,
			);
			buildRules = (
			);
			dependencies = (
				2682C9E015B8FDB600AA15B4 /* PBXTargetDependency */,
			);
			name = TweetPicTests;
			productName = TweetPicTests;
			productReference = 2682C9DA15B8FDB600AA15B4 /* TweetPicTests.octest */;
			productType = "com.apple.product-type.bundle";
		};
/* End PBXNativeTarget section */

/* Begin PBXProject section */
		2682C9B615B8FDB500AA15B4 /* Project object */ = {
			isa = PBXProject;
			attributes = {
				LastUpgradeCheck = 0430;
				ORGANIZATIONNAME = Livefront;
			};
			buildConfigurationList = 2682C9B915B8FDB500AA15B4 /* Build configuration list for PBXProject "TweetPic" */;
			compatibilityVersion = "Xcode 3.2";
			developmentRegion = English;
			hasScannedForEncodings = 0;
			knownRegions = (
				en,
			);
			mainGroup = 2682C9B415B8FDB500AA15B4;
			productRefGroup = 2682C9C015B8FDB600AA15B4 /* Products */;
			projectDirPath = "";
			projectRoot = "";
			targets = (
				2682C9BE15B8FDB600AA15B4 /* TweetPic */,
				2682C9D915B8FDB600AA15B4 /* TweetPicTests */,
			);
		};
/* End PBXProject section */

/* Begin PBXResourcesBuildPhase section */
		2682C9BD15B8FDB600AA15B4 /* Resources */ = {
			isa = PBXResourcesBuildPhase;
			buildActionMask = 2147483647;
			files = (
				2682CA0F15B908D900AA15B4 /* TweetPicView.xib in Resources */,
				2682CA1115B9090B00AA15B4 /* TweetPicCell.xib in Resources */,
				2680434D15BA4F2A004D23F0 /* beer.jpg in Resources */,
				44C8A9AC15BF6CB7009E97A8 /* InfoPlist.strings in Resources */,
				44C8A9AD15BF6CB7009E97A8 /* Localizable.strings in Resources */,
			);
			runOnlyForDeploymentPostprocessing = 0;
		};
		2682C9D715B8FDB600AA15B4 /* Resources */ = {
			isa = PBXResourcesBuildPhase;
			buildActionMask = 2147483647;
			files = (
				2682C9E615B8FDB600AA15B4 /* InfoPlist.strings in Resources */,
			);
			runOnlyForDeploymentPostprocessing = 0;
		};
/* End PBXResourcesBuildPhase section */

/* Begin PBXShellScriptBuildPhase section */
		2682C9D815B8FDB600AA15B4 /* ShellScript */ = {
			isa = PBXShellScriptBuildPhase;
			buildActionMask = 2147483647;
			files = (
			);
			inputPaths = (
			);
			outputPaths = (
			);
			runOnlyForDeploymentPostprocessing = 0;
			shellPath = /bin/sh;
			shellScript = "# Run the unit tests in this test bundle.\n\"${SYSTEM_DEVELOPER_DIR}/Tools/RunUnitTests\"\n";
		};
/* End PBXShellScriptBuildPhase section */

/* Begin PBXSourcesBuildPhase section */
		2682C9BB15B8FDB600AA15B4 /* Sources */ = {
			isa = PBXSourcesBuildPhase;
			buildActionMask = 2147483647;
			files = (
				2682C9FB15B9069500AA15B4 /* TweetRequest.m in Sources */,
				2682C9FE15B906AF00AA15B4 /* MovieRequest.m in Sources */,
				2682CA0115B906D400AA15B4 /* SimpleRESTRequest.m in Sources */,
				2682CA0415B9085A00AA15B4 /* TweetPic.m in Sources */,
				2682CA0715B9086700AA15B4 /* Tweet.m in Sources */,
				2682CA0A15B9087300AA15B4 /* Movie.m in Sources */,
				2682CA0D15B908BD00AA15B4 /* TweetPicViewController.m in Sources */,
				2682CA1D15B9130600AA15B4 /* TweetPicCell.m in Sources */,
				2682CA2515BA32AC00AA15B4 /* MBProgressHUD.m in Sources */,
				2682CA2A15BA377600AA15B4 /* Request.m in Sources */,
				44C8A99C15BF6C19009E97A8 /* Reachability.m in Sources */,
				44C8A9A115BF6C75009E97A8 /* TweetPicManager.m in Sources */,
				44C8A9AB15BF6CB7009E97A8 /* AppDelegate.m in Sources */,
				44C8A9AE15BF6CB7009E97A8 /* main.m in Sources */,
			);
			runOnlyForDeploymentPostprocessing = 0;
		};
		2682C9D515B8FDB600AA15B4 /* Sources */ = {
			isa = PBXSourcesBuildPhase;
			buildActionMask = 2147483647;
			files = (
				44C8A9BC15BF89CB009E97A8 /* TweetPicManagerTests.m in Sources */,
			);
			runOnlyForDeploymentPostprocessing = 0;
		};
/* End PBXSourcesBuildPhase section */

/* Begin PBXTargetDependency section */
		2682C9E015B8FDB600AA15B4 /* PBXTargetDependency */ = {
			isa = PBXTargetDependency;
			target = 2682C9BE15B8FDB600AA15B4 /* TweetPic */;
			targetProxy = 2682C9DF15B8FDB600AA15B4 /* PBXContainerItemProxy */;
		};
/* End PBXTargetDependency section */

/* Begin PBXVariantGroup section */
		2682C9E415B8FDB600AA15B4 /* InfoPlist.strings */ = {
			isa = PBXVariantGroup;
			children = (
				2682C9E515B8FDB600AA15B4 /* en */,
			);
			name = InfoPlist.strings;
			sourceTree = "<group>";
		};
		44C8A9A515BF6CB7009E97A8 /* InfoPlist.strings */ = {
			isa = PBXVariantGroup;
			children = (
				44C8A9A615BF6CB7009E97A8 /* en */,
			);
			name = InfoPlist.strings;
			sourceTree = "<group>";
		};
/* End PBXVariantGroup section */

/* Begin XCBuildConfiguration section */
		2682C9EA15B8FDB600AA15B4 /* Debug */ = {
			isa = XCBuildConfiguration;
			buildSettings = {
				ALWAYS_SEARCH_USER_PATHS = NO;
				ARCHS = "$(ARCHS_STANDARD_32_BIT)";
				CLANG_ENABLE_OBJC_ARC = YES;
				"CODE_SIGN_IDENTITY[sdk=iphoneos*]" = "iPhone Developer";
				COPY_PHASE_STRIP = NO;
				GCC_C_LANGUAGE_STANDARD = gnu99;
				GCC_DYNAMIC_NO_PIC = NO;
				GCC_OPTIMIZATION_LEVEL = 0;
				GCC_PREPROCESSOR_DEFINITIONS = (
					"DEBUG=1",
					"$(inherited)",
				);
				GCC_SYMBOLS_PRIVATE_EXTERN = NO;
				GCC_VERSION = com.apple.compilers.llvm.clang.1_0;
				GCC_WARN_ABOUT_RETURN_TYPE = YES;
				GCC_WARN_UNINITIALIZED_AUTOS = YES;
				GCC_WARN_UNUSED_VARIABLE = YES;
				IPHONEOS_DEPLOYMENT_TARGET = 5.1;
				SDKROOT = iphoneos;
			};
			name = Debug;
		};
		2682C9EB15B8FDB600AA15B4 /* Release */ = {
			isa = XCBuildConfiguration;
			buildSettings = {
				ALWAYS_SEARCH_USER_PATHS = NO;
				ARCHS = "$(ARCHS_STANDARD_32_BIT)";
				CLANG_ENABLE_OBJC_ARC = YES;
				"CODE_SIGN_IDENTITY[sdk=iphoneos*]" = "iPhone Developer";
				COPY_PHASE_STRIP = YES;
				GCC_C_LANGUAGE_STANDARD = gnu99;
				GCC_VERSION = com.apple.compilers.llvm.clang.1_0;
				GCC_WARN_ABOUT_RETURN_TYPE = YES;
				GCC_WARN_UNINITIALIZED_AUTOS = YES;
				GCC_WARN_UNUSED_VARIABLE = YES;
				IPHONEOS_DEPLOYMENT_TARGET = 5.1;
				OTHER_CFLAGS = "-DNS_BLOCK_ASSERTIONS=1";
				SDKROOT = iphoneos;
				VALIDATE_PRODUCT = YES;
			};
			name = Release;
		};
		2682C9ED15B8FDB600AA15B4 /* Debug */ = {
			isa = XCBuildConfiguration;
			buildSettings = {
				GCC_PRECOMPILE_PREFIX_HEADER = YES;
				GCC_PREFIX_HEADER = "TweetPic/Application/TweetPic-Prefix.pch";
				INFOPLIST_FILE = "TweetPic/Application/TweetPic-Info.plist";
				PRODUCT_NAME = "$(TARGET_NAME)";
				WRAPPER_EXTENSION = app;
			};
			name = Debug;
		};
		2682C9EE15B8FDB600AA15B4 /* Release */ = {
			isa = XCBuildConfiguration;
			buildSettings = {
				GCC_PRECOMPILE_PREFIX_HEADER = YES;
				GCC_PREFIX_HEADER = "TweetPic/Application/TweetPic-Prefix.pch";
				INFOPLIST_FILE = "TweetPic/Application/TweetPic-Info.plist";
				PRODUCT_NAME = "$(TARGET_NAME)";
				WRAPPER_EXTENSION = app;
			};
			name = Release;
		};
		2682C9F015B8FDB600AA15B4 /* Debug */ = {
			isa = XCBuildConfiguration;
			buildSettings = {
				BUNDLE_LOADER = "$(BUILT_PRODUCTS_DIR)/TweetPic.app/TweetPic";
				FRAMEWORK_SEARCH_PATHS = (
					"$(SDKROOT)/Developer/Library/Frameworks",
					"$(DEVELOPER_LIBRARY_DIR)/Frameworks",
				);
				GCC_PRECOMPILE_PREFIX_HEADER = YES;
				GCC_PREFIX_HEADER = "TweetPic/Application/TweetPic-Prefix.pch";
				INFOPLIST_FILE = "TweetPicTests/TweetPicTests-Info.plist";
				PRODUCT_NAME = "$(TARGET_NAME)";
				TEST_HOST = "$(BUNDLE_LOADER)";
				WRAPPER_EXTENSION = octest;
			};
			name = Debug;
		};
		2682C9F115B8FDB600AA15B4 /* Release */ = {
			isa = XCBuildConfiguration;
			buildSettings = {
				BUNDLE_LOADER = "$(BUILT_PRODUCTS_DIR)/TweetPic.app/TweetPic";
				FRAMEWORK_SEARCH_PATHS = (
					"$(SDKROOT)/Developer/Library/Frameworks",
					"$(DEVELOPER_LIBRARY_DIR)/Frameworks",
				);
				GCC_PRECOMPILE_PREFIX_HEADER = YES;
				GCC_PREFIX_HEADER = "TweetPic/Application/TweetPic-Prefix.pch";
				INFOPLIST_FILE = "TweetPicTests/TweetPicTests-Info.plist";
				PRODUCT_NAME = "$(TARGET_NAME)";
				TEST_HOST = "$(BUNDLE_LOADER)";
				WRAPPER_EXTENSION = octest;
			};
			name = Release;
		};
/* End XCBuildConfiguration section */

/* Begin XCConfigurationList section */
		2682C9B915B8FDB500AA15B4 /* Build configuration list for PBXProject "TweetPic" */ = {
			isa = XCConfigurationList;
			buildConfigurations = (
				2682C9EA15B8FDB600AA15B4 /* Debug */,
				2682C9EB15B8FDB600AA15B4 /* Release */,
			);
			defaultConfigurationIsVisible = 0;
			defaultConfigurationName = Release;
		};
		2682C9EC15B8FDB600AA15B4 /* Build configuration list for PBXNativeTarget "TweetPic" */ = {
			isa = XCConfigurationList;
			buildConfigurations = (
				2682C9ED15B8FDB600AA15B4 /* Debug */,
				2682C9EE15B8FDB600AA15B4 /* Release */,
			);
			defaultConfigurationIsVisible = 0;
			defaultConfigurationName = Release;
		};
		2682C9EF15B8FDB600AA15B4 /* Build configuration list for PBXNativeTarget "TweetPicTests" */ = {
			isa = XCConfigurationList;
			buildConfigurations = (
				2682C9F015B8FDB600AA15B4 /* Debug */,
				2682C9F115B8FDB600AA15B4 /* Release */,
			);
			defaultConfigurationIsVisible = 0;
			defaultConfigurationName = Release;
		};
/* End XCConfigurationList section */
	};
	rootObject = 2682C9B615B8FDB500AA15B4 /* Project object */;
}
